// !$*UTF8*$!
{
archiveVersion = 1;
classes = {};
objectVersion = 55;
objects = {

/* Begin PBXBuildFile section */
1D7D33002A67C9C800D6B921 /* IOSTestLocationsApp.swift in Sources */ = {isa = PBXBuildFile; fileRef = 1D7D32112A67C9C800D6B921 /* IOSTestLocationsApp.swift */; };
1D7D33012A67C9C800D6B921 /* ContentView.swift in Sources */ = {isa = PBXBuildFile; fileRef = 1D7D32102A67C9C800D6B921 /* ContentView.swift */; };
1D7D33022A67C9C800D6B921 /* LocationStore.swift in Sources */ = {isa = PBXBuildFile; fileRef = 1D7D32122A67C9C800D6B921 /* LocationStore.swift */; };
1D7D33032A67C9C800D6B921 /* LocationManager.swift in Sources */ = {isa = PBXBuildFile; fileRef = 1D7D32132A67C9C800D6B921 /* LocationManager.swift */; };
1D7D33042A67C9C800D6B921 /* LocationEntry.swift in Sources */ = {isa = PBXBuildFile; fileRef = 1D7D32142A67C9C800D6B921 /* LocationEntry.swift */; };
1D7D33052A67C9C800D6B921 /* LocationListView.swift in Sources */ = {isa = PBXBuildFile; fileRef = 1D7D32152A67C9C800D6B921 /* LocationListView.swift */; };
1D7D33062A67C9C800D6B921 /* SecondaryLocationListView.swift in Sources */ = {isa = PBXBuildFile; fileRef = 1D7D32162A67C9C800D6B921 /* SecondaryLocationListView.swift */; };
1D7D33072A67C9C800D6B921 /* Assets.xcassets in Resources */ = {isa = PBXBuildFile; fileRef = 1D7D32202A67C9C800D6B921 /* Assets.xcassets */; };
/* End PBXBuildFile section */

/* Begin PBXFileReference section */
1D7D32002A67C9C800D6B921 /* IOSTestLocations.app */ = {isa = PBXFileReference; explicitFileType = wrapper.application; includeInIndex = 0; path = IOSTestLocations.app; sourceTree = BUILT_PRODUCTS_DIR; };
1D7D32102A67C9C800D6B921 /* ContentView.swift */ = {isa = PBXFileReference; lastKnownFileType = sourcecode.swift; path = ContentView.swift; sourceTree = "<group>"; };
1D7D32112A67C9C800D6B921 /* IOSTestLocationsApp.swift */ = {isa = PBXFileReference; lastKnownFileType = sourcecode.swift; path = IOSTestLocationsApp.swift; sourceTree = "<group>"; };
1D7D32122A67C9C800D6B921 /* LocationStore.swift */ = {isa = PBXFileReference; lastKnownFileType = sourcecode.swift; path = LocationStore.swift; sourceTree = "<group>"; };
1D7D32132A67C9C800D6B921 /* LocationManager.swift */ = {isa = PBXFileReference; lastKnownFileType = sourcecode.swift; path = LocationManager.swift; sourceTree = "<group>"; };
1D7D32142A67C9C800D6B921 /* LocationEntry.swift */ = {isa = PBXFileReference; lastKnownFileType = sourcecode.swift; path = LocationEntry.swift; sourceTree = "<group>"; };
1D7D32152A67C9C800D6B921 /* LocationListView.swift */ = {isa = PBXFileReference; lastKnownFileType = sourcecode.swift; path = LocationListView.swift; sourceTree = "<group>"; };
1D7D32162A67C9C800D6B921 /* SecondaryLocationListView.swift */ = {isa = PBXFileReference; lastKnownFileType = sourcecode.swift; path = SecondaryLocationListView.swift; sourceTree = "<group>"; };
1D7D32202A67C9C800D6B921 /* Assets.xcassets */ = {isa = PBXFileReference; lastKnownFileType = folder.assetcatalog; path = Assets.xcassets; sourceTree = "<group>"; };
1D7D32212A67C9C800D6B921 /* Info.plist */ = {isa = PBXFileReference; lastKnownFileType = text.plist.xml; path = Info.plist; sourceTree = "<group>"; };
/* End PBXFileReference section */

/* Begin PBXFrameworksBuildPhase section */
1D7D31F22A67C9C800D6B921 /* Frameworks */ = {
isa = PBXFrameworksBuildPhase;
buildActionMask = 2147483647;
files = (
);
runOnlyForDeploymentPostprocessing = 0;
};
/* End PBXFrameworksBuildPhase section */

/* Begin PBXGroup section */
1D7D31E82A67C9C800D6B921 = {
isa = PBXGroup;
children = (
1D7D32022A67C9C800D6B921 /* IOSTestLocations */,
1D7D32012A67C9C800D6B921 /* Products */,
);
sourceTree = "<group>";
};
1D7D32012A67C9C800D6B921 /* Products */ = {
isa = PBXGroup;
children = (
1D7D32002A67C9C800D6B921 /* IOSTestLocations.app */,
);
name = Products;
sourceTree = "<group>";
};
1D7D32022A67C9C800D6B921 /* IOSTestLocations */ = {
isa = PBXGroup;
children = (
1D7D32112A67C9C800D6B921 /* IOSTestLocationsApp.swift */,
1D7D32102A67C9C800D6B921 /* ContentView.swift */,
1D7D32152A67C9C800D6B921 /* LocationListView.swift */,
1D7D32162A67C9C800D6B921 /* SecondaryLocationListView.swift */,
1D7D32122A67C9C800D6B921 /* LocationStore.swift */,
1D7D32132A67C9C800D6B921 /* LocationManager.swift */,
1D7D32142A67C9C800D6B921 /* LocationEntry.swift */,
1D7D32202A67C9C800D6B921 /* Assets.xcassets */,
1D7D32212A67C9C800D6B921 /* Info.plist */,
);
path = IOSTestLocations;
sourceTree = "<group>";
};
/* End PBXGroup section */

/* Begin PBXNativeTarget section */
1D7D31F02A67C9C800D6B921 /* IOSTestLocations */ = {
isa = PBXNativeTarget;
buildConfigurationList = 1D7D31F12A67C9C800D6B921 /* Build configuration list for PBXNativeTarget "IOSTestLocations" */;
buildPhases = (
1D7D31F32A67C9C800D6B921 /* Sources */,
1D7D31F22A67C9C800D6B921 /* Frameworks */,
1D7D31F42A67C9C800D6B921 /* Resources */,
);
buildRules = (
);
dependencies = (
);
name = IOSTestLocations;
productName = IOSTestLocations;
productReference = 1D7D32002A67C9C800D6B921 /* IOSTestLocations.app */;
productType = "com.apple.product-type.application";
};
/* End PBXNativeTarget section */

/* Begin PBXProject section */
1D7D31E72A67C9C800D6B921 /* Project object */ = {
isa = PBXProject;
attributes = {
BuildIndependentTargetsInParallel = 1;
LastSwiftUpdateCheck = 1500;
LastUpgradeCheck = 1500;
TargetAttributes = {
1D7D31F02A67C9C800D6B921 = {
CreatedOnToolsVersion = 15.0;
DevelopmentTeam = "";
};
};
};
buildConfigurationList = 1D7D31E62A67C9C800D6B921 /* Build configuration list for PBXProject "IOSTestLocations" */;
compatibilityVersion = "Xcode 14.0";
developmentRegion = en;
hasScannedForEncodings = 0;
knownRegions = (
en,
);
mainGroup = 1D7D31E82A67C9C800D6B921;
productRefGroup = 1D7D32012A67C9C800D6B921 /* Products */;
projectDirPath = "";
projectRoot = "";
targets = (
1D7D31F02A67C9C800D6B921 /* IOSTestLocations */,
);
};
/* End PBXProject section */

/* Begin PBXResourcesBuildPhase section */
1D7D31F42A67C9C800D6B921 /* Resources */ = {
isa = PBXResourcesBuildPhase;
buildActionMask = 2147483647;
files = (
1D7D33072A67C9C800D6B921 /* Assets.xcassets in Resources */,
);
runOnlyForDeploymentPostprocessing = 0;
};
/* End PBXResourcesBuildPhase section */

/* Begin PBXSourcesBuildPhase section */
1D7D31F32A67C9C800D6B921 /* Sources */ = {
isa = PBXSourcesBuildPhase;
buildActionMask = 2147483647;
files = (
1D7D33062A67C9C800D6B921 /* SecondaryLocationListView.swift in Sources */,
1D7D33052A67C9C800D6B921 /* LocationListView.swift in Sources */,
1D7D33042A67C9C800D6B921 /* LocationEntry.swift in Sources */,
1D7D33032A67C9C800D6B921 /* LocationManager.swift in Sources */,
1D7D33022A67C9C800D6B921 /* LocationStore.swift in Sources */,
1D7D33012A67C9C800D6B921 /* ContentView.swift in Sources */,
1D7D33002A67C9C800D6B921 /* IOSTestLocationsApp.swift in Sources */,
);
runOnlyForDeploymentPostprocessing = 0;
};
/* End PBXSourcesBuildPhase section */

/* Begin XCBuildConfiguration section */
1D7D31F52A67C9C800D6B921 /* Debug */ = {
isa = XCBuildConfiguration;
buildSettings = {
ALWAYS_SEARCH_USER_PATHS = NO;
ASSETCATALOG_COMPILER_APPICON_NAME = AppIcon;
ASSETCATALOG_COMPILER_GLOBAL_ACCENT_COLOR_NAME = AccentColor;
CLANG_ANALYZER_NONNULL = YES;
CLANG_ANALYZER_NUMBER_OBJECT_CONVERSION = YES_AGGRESSIVE;
CLANG_CXX_LANGUAGE_STANDARD = "gnu++20";
CLANG_ENABLE_MODULES = YES;
CLANG_ENABLE_OBJC_ARC = YES;
CLANG_WARN_BLOCK_CAPTURE_AUTORELEASING = YES;
CLANG_WARN_BOOL_CONVERSION = YES;
CLANG_WARN_COMMA = YES;
CLANG_WARN_CONSTANT_CONVERSION = YES;
CLANG_WARN_DEPRECATED_OBJC_IMPLEMENTATIONS = YES;
CLANG_WARN_DIRECT_OBJC_ISA_USAGE = YES_ERROR;
CLANG_WARN_DOCUMENTATION_COMMENTS = YES;
CLANG_WARN_EMPTY_BODY = YES;
CLANG_WARN_ENUM_CONVERSION = YES;
CLANG_WARN_INFINITE_RECURSION = YES;
CLANG_WARN_INT_CONVERSION = YES;
CLANG_WARN_NON_LITERAL_NULL_CONVERSION = YES;
CLANG_WARN_OBJC_IMPLICIT_RETAIN_SELF = YES;
CLANG_WARN_QUOTED_INCLUDE_IN_FRAMEWORK_HEADER = YES;
CLANG_WARN_RANGE_LOOP_ANALYSIS = YES;
CLANG_WARN_STRICT_PROTOTYPES = YES;
CLANG_WARN_SUSPICIOUS_MOVE = YES;
CODE_SIGN_STYLE = Automatic;
CURRENT_PROJECT_VERSION = 1;
DEVELOPMENT_TEAM = "";
GENERATE_INFOPLIST_FILE = NO;
GCC_C_LANGUAGE_STANDARD = gnu17;
INFOPLIST_FILE = IOSTestLocations/Info.plist;
IPHONEOS_DEPLOYMENT_TARGET = 15.0;
LD_RUNPATH_SEARCH_PATHS = "$(inherited) @executable_path/Frameworks";
MARKETING_VERSION = 1.0;
PRODUCT_BUNDLE_IDENTIFIER = com.example.IOSTestLocations;
PRODUCT_NAME = "$(TARGET_NAME)";
SDKROOT = iphoneos;
SUPPORTED_PLATFORMS = "iphonesimulator iphoneos";
SWIFT_EMIT_LOC_STRINGS = NO;
SWIFT_VERSION = 5.0;
TARGETED_DEVICE_FAMILY = "1";
};
name = Debug;
};
1D7D31F62A67C9C800D6B921 /* Release */ = {
isa = XCBuildConfiguration;
buildSettings = {
ALWAYS_SEARCH_USER_PATHS = NO;
ASSETCATALOG_COMPILER_APPICON_NAME = AppIcon;
ASSETCATALOG_COMPILER_GLOBAL_ACCENT_COLOR_NAME = AccentColor;
CLANG_ANALYZER_NONNULL = YES;
CLANG_ANALYZER_NUMBER_OBJECT_CONVERSION = YES_AGGRESSIVE;
CLANG_CXX_LANGUAGE_STANDARD = "gnu++20";
CLANG_ENABLE_MODULES = YES;
CLANG_ENABLE_OBJC_ARC = YES;
CLANG_WARN_BLOCK_CAPTURE_AUTORELEASING = YES;
CLANG_WARN_BOOL_CONVERSION = YES;
CLANG_WARN_COMMA = YES;
CLANG_WARN_CONSTANT_CONVERSION = YES;
CLANG_WARN_DEPRECATED_OBJC_IMPLEMENTATIONS = YES;
CLANG_WARN_DIRECT_OBJC_ISA_USAGE = YES_ERROR;
CLANG_WARN_DOCUMENTATION_COMMENTS = YES;
CLANG_WARN_EMPTY_BODY = YES;
CLANG_WARN_ENUM_CONVERSION = YES;
CLANG_WARN_INFINITE_RECURSION = YES;
CLANG_WARN_INT_CONVERSION = YES;
CLANG_WARN_NON_LITERAL_NULL_CONVERSION = YES;
CLANG_WARN_OBJC_IMPLICIT_RETAIN_SELF = YES;
CLANG_WARN_QUOTED_INCLUDE_IN_FRAMEWORK_HEADER = YES;
CLANG_WARN_RANGE_LOOP_ANALYSIS = YES;
CLANG_WARN_STRICT_PROTOTYPES = YES;
CLANG_WARN_SUSPICIOUS_MOVE = YES;
CODE_SIGN_STYLE = Automatic;
CURRENT_PROJECT_VERSION = 1;
DEVELOPMENT_TEAM = "";
GENERATE_INFOPLIST_FILE = NO;
GCC_C_LANGUAGE_STANDARD = gnu17;
INFOPLIST_FILE = IOSTestLocations/Info.plist;
IPHONEOS_DEPLOYMENT_TARGET = 15.0;
LD_RUNPATH_SEARCH_PATHS = "$(inherited) @executable_path/Frameworks";
MARKETING_VERSION = 1.0;
PRODUCT_BUNDLE_IDENTIFIER = com.example.IOSTestLocations;
PRODUCT_NAME = "$(TARGET_NAME)";
SDKROOT = iphoneos;
SUPPORTED_PLATFORMS = "iphonesimulator iphoneos";
SWIFT_EMIT_LOC_STRINGS = NO;
SWIFT_OPTIMIZATION_LEVEL = "-O";
SWIFT_VERSION = 5.0;
TARGETED_DEVICE_FAMILY = "1";
};
name = Release;
};
1D7D31F72A67C9C800D6B921 /* Debug */ = {
isa = XCBuildConfiguration;
buildSettings = {
ALWAYS_SEARCH_USER_PATHS = NO;
CLANG_ANALYZER_NONNULL = YES;
CLANG_ANALYZER_NUMBER_OBJECT_CONVERSION = YES_AGGRESSIVE;
CLANG_CXX_LANGUAGE_STANDARD = "gnu++20";
CLANG_ENABLE_MODULES = YES;
CLANG_ENABLE_OBJC_ARC = YES;
CLANG_WARN_BLOCK_CAPTURE_AUTORELEASING = YES;
CLANG_WARN_BOOL_CONVERSION = YES;
CLANG_WARN_COMMA = YES;
CLANG_WARN_CONSTANT_CONVERSION = YES;
CLANG_WARN_DEPRECATED_OBJC_IMPLEMENTATIONS = YES;
CLANG_WARN_DIRECT_OBJC_ISA_USAGE = YES_ERROR;
CLANG_WARN_DOCUMENTATION_COMMENTS = YES;
CLANG_WARN_EMPTY_BODY = YES;
CLANG_WARN_ENUM_CONVERSION = YES;
CLANG_WARN_INFINITE_RECURSION = YES;
CLANG_WARN_INT_CONVERSION = YES;
CLANG_WARN_NON_LITERAL_NULL_CONVERSION = YES;
CLANG_WARN_OBJC_IMPLICIT_RETAIN_SELF = YES;
CLANG_WARN_QUOTED_INCLUDE_IN_FRAMEWORK_HEADER = YES;
CLANG_WARN_RANGE_LOOP_ANALYSIS = YES;
CLANG_WARN_STRICT_PROTOTYPES = YES;
CLANG_WARN_SUSPICIOUS_MOVE = YES;
COPY_PHASE_STRIP = NO;
DEBUG_INFORMATION_FORMAT = dwarf;
ENABLE_STRICT_OBJC_MSGSEND = YES;
ENABLE_TESTABILITY = YES;
GCC_C_LANGUAGE_STANDARD = gnu17;
GCC_DYNAMIC_NO_PIC = NO;
GCC_NO_COMMON_BLOCKS = YES;
GCC_OPTIMIZATION_LEVEL = 0;
GCC_PREPROCESSOR_DEFINITIONS = (
"DEBUG=1",
"$(inherited)",
);
GCC_WARN_64_TO_32_BIT_CONVERSION = YES;
GCC_WARN_ABOUT_RETURN_TYPE = YES_ERROR;
GCC_WARN_UNDECLARED_SELECTOR = YES;
GCC_WARN_UNINITIALIZED_AUTOS = YES_AGGRESSIVE;
GCC_WARN_UNUSED_FUNCTION = YES;
GCC_WARN_UNUSED_VARIABLE = YES;
IPHONEOS_DEPLOYMENT_TARGET = 15.0;
MTL_ENABLE_DEBUG_INFO = INCLUDE_SOURCE;
MTL_FAST_MATH = YES;
ONLY_ACTIVE_ARCH = YES;
SDKROOT = iphoneos;
};
name = Debug;
};
1D7D31F82A67C9C800D6B921 /* Release */ = {
isa = XCBuildConfiguration;
buildSettings = {
ALWAYS_SEARCH_USER_PATHS = NO;
CLANG_ANALYZER_NONNULL = YES;
CLANG_ANALYZER_NUMBER_OBJECT_CONVERSION = YES_AGGRESSIVE;
CLANG_CXX_LANGUAGE_STANDARD = "gnu++20";
CLANG_ENABLE_MODULES = YES;
CLANG_ENABLE_OBJC_ARC = YES;
CLANG_WARN_BLOCK_CAPTURE_AUTORELEASING = YES;
CLANG_WARN_BOOL_CONVERSION = YES;
CLANG_WARN_COMMA = YES;
CLANG_WARN_CONSTANT_CONVERSION = YES;
CLANG_WARN_DEPRECATED_OBJC_IMPLEMENTATIONS = YES;
CLANG_WARN_DIRECT_OBJC_ISA_USAGE = YES_ERROR;
CLANG_WARN_DOCUMENTATION_COMMENTS = YES;
CLANG_WARN_EMPTY_BODY = YES;
CLANG_WARN_ENUM_CONVERSION = YES;
CLANG_WARN_INFINITE_RECURSION = YES;
CLANG_WARN_INT_CONVERSION = YES;
CLANG_WARN_NON_LITERAL_NULL_CONVERSION = YES;
CLANG_WARN_OBJC_IMPLICIT_RETAIN_SELF = YES;
CLANG_WARN_QUOTED_INCLUDE_IN_FRAMEWORK_HEADER = YES;
CLANG_WARN_RANGE_LOOP_ANALYSIS = YES;
CLANG_WARN_STRICT_PROTOTYPES = YES;
CLANG_WARN_SUSPICIOUS_MOVE = YES;
COPY_PHASE_STRIP = YES;
DEBUG_INFORMATION_FORMAT = "dwarf-with-dsym";
ENABLE_NS_ASSERTIONS = NO;
ENABLE_STRICT_OBJC_MSGSEND = YES;
GCC_C_LANGUAGE_STANDARD = gnu17;
GCC_NO_COMMON_BLOCKS = YES;
GCC_WARN_64_TO_32_BIT_CONVERSION = YES;
GCC_WARN_ABOUT_RETURN_TYPE = YES_ERROR;
GCC_WARN_UNDECLARED_SELECTOR = YES;
GCC_WARN_UNINITIALIZED_AUTOS = YES_AGGRESSIVE;
GCC_WARN_UNUSED_FUNCTION = YES;
GCC_WARN_UNUSED_VARIABLE = YES;
IPHONEOS_DEPLOYMENT_TARGET = 15.0;
MTL_ENABLE_DEBUG_INFO = NO;
MTL_FAST_MATH = YES;
SDKROOT = iphoneos;
};
name = Release;
};
/* End XCBuildConfiguration section */

/* Begin XCConfigurationList section */
1D7D31E62A67C9C800D6B921 /* Build configuration list for PBXProject "IOSTestLocations" */ = {
isa = XCConfigurationList;
buildConfigurations = (
1D7D31F72A67C9C800D6B921 /* Debug */,
1D7D31F82A67C9C800D6B921 /* Release */,
);
defaultConfigurationIsVisible = 0;
defaultConfigurationName = Release;
};
1D7D31F12A67C9C800D6B921 /* Build configuration list for PBXNativeTarget "IOSTestLocations" */ = {
isa = XCConfigurationList;
buildConfigurations = (
1D7D31F52A67C9C800D6B921 /* Debug */,
1D7D31F62A67C9C800D6B921 /* Release */,
);
defaultConfigurationIsVisible = 0;
defaultConfigurationName = Release;
};
/* End XCConfigurationList section */
};
rootObject = 1D7D31E72A67C9C800D6B921 /* Project object */;
}
